// !$*UTF8*$!
{
	archiveVersion = 1;
	classes = {
	};
	objectVersion = 56;
	objects = {

/* Begin PBXBuildFile section */
		D10190162CAC17FC00BAAF8D /* UINavigationBarExtensions.swift in Sources */ = {isa = PBXBuildFile; fileRef = D10190152CAC17FC00BAAF8D /* UINavigationBarExtensions.swift */; };
		D10190182CAC5BD000BAAF8D /* CartView.swift in Sources */ = {isa = PBXBuildFile; fileRef = D10190172CAC5BD000BAAF8D /* CartView.swift */; };
		D101901A2CAC5BE600BAAF8D /* CartViewModel.swift in Sources */ = {isa = PBXBuildFile; fileRef = D10190192CAC5BE600BAAF8D /* CartViewModel.swift */; };
		D101901C2CAC5C9100BAAF8D /* CartItemCell.swift in Sources */ = {isa = PBXBuildFile; fileRef = D101901B2CAC5C9100BAAF8D /* CartItemCell.swift */; };
		D11AF5DE2CA9E843006C9CA0 /* LoggerExtensions.swift in Sources */ = {isa = PBXBuildFile; fileRef = D11AF5DD2CA9E843006C9CA0 /* LoggerExtensions.swift */; };
		D11AF5E02CA9E85F006C9CA0 /* NumberUtils.swift in Sources */ = {isa = PBXBuildFile; fileRef = D11AF5DF2CA9E85F006C9CA0 /* NumberUtils.swift */; };
		D11AF5E32CA9E886006C9CA0 /* Credentials.swift in Sources */ = {isa = PBXBuildFile; fileRef = D11AF5E22CA9E886006C9CA0 /* Credentials.swift */; };
		D11AF5E52CA9E89F006C9CA0 /* Config.swift in Sources */ = {isa = PBXBuildFile; fileRef = D11AF5E42CA9E89F006C9CA0 /* Config.swift */; };
		D11AF5E82CA9E8D1006C9CA0 /* CardToken.swift in Sources */ = {isa = PBXBuildFile; fileRef = D11AF5E72CA9E8D1006C9CA0 /* CardToken.swift */; };
		D11AF5EA2CA9E8ED006C9CA0 /* Product.swift in Sources */ = {isa = PBXBuildFile; fileRef = D11AF5E92CA9E8ED006C9CA0 /* Product.swift */; };
		D11AF5EC2CA9E901006C9CA0 /* PaymentSystem.swift in Sources */ = {isa = PBXBuildFile; fileRef = D11AF5EB2CA9E901006C9CA0 /* PaymentSystem.swift */; };
		D11AF5F02CA9EA12006C9CA0 /* CardsViewModel.swift in Sources */ = {isa = PBXBuildFile; fileRef = D11AF5EF2CA9EA12006C9CA0 /* CardsViewModel.swift */; };
		D11AF5F72CA9EACB006C9CA0 /* CardCell.swift in Sources */ = {isa = PBXBuildFile; fileRef = D11AF5F62CA9EACB006C9CA0 /* CardCell.swift */; };
		D11AF5F92CA9EB0F006C9CA0 /* CardsListView.swift in Sources */ = {isa = PBXBuildFile; fileRef = D11AF5F82CA9EB0F006C9CA0 /* CardsListView.swift */; };
		D11AF5FB2CA9F202006C9CA0 /* ContentViewController.swift in Sources */ = {isa = PBXBuildFile; fileRef = D11AF5FA2CA9F202006C9CA0 /* ContentViewController.swift */; };
		D1F8FAFD2C9DDA2D000FCF08 /* AppDelegate.swift in Sources */ = {isa = PBXBuildFile; fileRef = D1F8FAFC2C9DDA2D000FCF08 /* AppDelegate.swift */; };
		D1F8FAFF2C9DDA2D000FCF08 /* SceneDelegate.swift in Sources */ = {isa = PBXBuildFile; fileRef = D1F8FAFE2C9DDA2D000FCF08 /* SceneDelegate.swift */; };
		D1F8FB062C9DDA2F000FCF08 /* Assets.xcassets in Resources */ = {isa = PBXBuildFile; fileRef = D1F8FB052C9DDA2F000FCF08 /* Assets.xcassets */; };
		D1F8FB092C9DDA2F000FCF08 /* Base in Resources */ = {isa = PBXBuildFile; fileRef = D1F8FB082C9DDA2F000FCF08 /* Base */; };
		D1F8FB122C9DDFD1000FCF08 /* RozetkaPaySDK in Frameworks */ = {isa = PBXBuildFile; productRef = D1F8FB112C9DDFD1000FCF08 /* RozetkaPaySDK */; };
		D1F8FB152C9DE5C5000FCF08 /* RozetkaPaySDK in Frameworks */ = {isa = PBXBuildFile; productRef = D1F8FB142C9DE5C5000FCF08 /* RozetkaPaySDK */; };
/* End PBXBuildFile section */

/* Begin PBXFileReference section */
		D10190152CAC17FC00BAAF8D /* UINavigationBarExtensions.swift */ = {isa = PBXFileReference; lastKnownFileType = sourcecode.swift; path = UINavigationBarExtensions.swift; sourceTree = "<group>"; };
		D10190172CAC5BD000BAAF8D /* CartView.swift */ = {isa = PBXFileReference; lastKnownFileType = sourcecode.swift; path = CartView.swift; sourceTree = "<group>"; };
		D10190192CAC5BE600BAAF8D /* CartViewModel.swift */ = {isa = PBXFileReference; lastKnownFileType = sourcecode.swift; path = CartViewModel.swift; sourceTree = "<group>"; };
		D101901B2CAC5C9100BAAF8D /* CartItemCell.swift */ = {isa = PBXFileReference; lastKnownFileType = sourcecode.swift; path = CartItemCell.swift; sourceTree = "<group>"; };
		D11AF5DD2CA9E843006C9CA0 /* LoggerExtensions.swift */ = {isa = PBXFileReference; lastKnownFileType = sourcecode.swift; path = LoggerExtensions.swift; sourceTree = "<group>"; };
		D11AF5DF2CA9E85F006C9CA0 /* NumberUtils.swift */ = {isa = PBXFileReference; lastKnownFileType = sourcecode.swift; path = NumberUtils.swift; sourceTree = "<group>"; };
		D11AF5E22CA9E886006C9CA0 /* Credentials.swift */ = {isa = PBXFileReference; lastKnownFileType = sourcecode.swift; path = Credentials.swift; sourceTree = "<group>"; };
		D11AF5E42CA9E89F006C9CA0 /* Config.swift */ = {isa = PBXFileReference; lastKnownFileType = sourcecode.swift; path = Config.swift; sourceTree = "<group>"; };
		D11AF5E72CA9E8D1006C9CA0 /* CardToken.swift */ = {isa = PBXFileReference; lastKnownFileType = sourcecode.swift; path = CardToken.swift; sourceTree = "<group>"; };
		D11AF5E92CA9E8ED006C9CA0 /* Product.swift */ = {isa = PBXFileReference; lastKnownFileType = sourcecode.swift; path = Product.swift; sourceTree = "<group>"; };
		D11AF5EB2CA9E901006C9CA0 /* PaymentSystem.swift */ = {isa = PBXFileReference; lastKnownFileType = sourcecode.swift; path = PaymentSystem.swift; sourceTree = "<group>"; };
		D11AF5EF2CA9EA12006C9CA0 /* CardsViewModel.swift */ = {isa = PBXFileReference; lastKnownFileType = sourcecode.swift; path = CardsViewModel.swift; sourceTree = "<group>"; };
		D11AF5F62CA9EACB006C9CA0 /* CardCell.swift */ = {isa = PBXFileReference; lastKnownFileType = sourcecode.swift; path = CardCell.swift; sourceTree = "<group>"; };
		D11AF5F82CA9EB0F006C9CA0 /* CardsListView.swift */ = {isa = PBXFileReference; lastKnownFileType = sourcecode.swift; path = CardsListView.swift; sourceTree = "<group>"; };
		D11AF5FA2CA9F202006C9CA0 /* ContentViewController.swift */ = {isa = PBXFileReference; lastKnownFileType = sourcecode.swift; path = ContentViewController.swift; sourceTree = "<group>"; };
		D1F8FAF92C9DDA2D000FCF08 /* RozetkaPay.Example.UIKit.app */ = {isa = PBXFileReference; explicitFileType = wrapper.application; includeInIndex = 0; path = RozetkaPay.Example.UIKit.app; sourceTree = BUILT_PRODUCTS_DIR; };
		D1F8FAFC2C9DDA2D000FCF08 /* AppDelegate.swift */ = {isa = PBXFileReference; lastKnownFileType = sourcecode.swift; path = AppDelegate.swift; sourceTree = "<group>"; };
		D1F8FAFE2C9DDA2D000FCF08 /* SceneDelegate.swift */ = {isa = PBXFileReference; lastKnownFileType = sourcecode.swift; path = SceneDelegate.swift; sourceTree = "<group>"; };
		D1F8FB052C9DDA2F000FCF08 /* Assets.xcassets */ = {isa = PBXFileReference; lastKnownFileType = folder.assetcatalog; path = Assets.xcassets; sourceTree = "<group>"; };
		D1F8FB082C9DDA2F000FCF08 /* Base */ = {isa = PBXFileReference; lastKnownFileType = file.storyboard; name = Base; path = Base.lproj/LaunchScreen.storyboard; sourceTree = "<group>"; };
		D1F8FB0A2C9DDA2F000FCF08 /* Info.plist */ = {isa = PBXFileReference; lastKnownFileType = text.plist.xml; path = Info.plist; sourceTree = "<group>"; };
		D1F8FB162C9DE6DA000FCF08 /* RozetkaPay.Example.UIKit.entitlements */ = {isa = PBXFileReference; lastKnownFileType = text.plist.entitlements; path = RozetkaPay.Example.UIKit.entitlements; sourceTree = "<group>"; };
/* End PBXFileReference section */

/* Begin PBXFrameworksBuildPhase section */
		D1F8FAF62C9DDA2D000FCF08 /* Frameworks */ = {
			isa = PBXFrameworksBuildPhase;
			buildActionMask = 2147483647;
			files = (
				D1F8FB122C9DDFD1000FCF08 /* RozetkaPaySDK in Frameworks */,
				D1F8FB152C9DE5C5000FCF08 /* RozetkaPaySDK in Frameworks */,
			);
			runOnlyForDeploymentPostprocessing = 0;
		};
/* End PBXFrameworksBuildPhase section */

/* Begin PBXGroup section */
		D11AF5DC2CA9E815006C9CA0 /* Extensions */ = {
			isa = PBXGroup;
			children = (
				D11AF5DD2CA9E843006C9CA0 /* LoggerExtensions.swift */,
				D11AF5DF2CA9E85F006C9CA0 /* NumberUtils.swift */,
				D10190152CAC17FC00BAAF8D /* UINavigationBarExtensions.swift */,
			);
			path = Extensions;
			sourceTree = "<group>";
		};
		D11AF5E12CA9E877006C9CA0 /* Config */ = {
			isa = PBXGroup;
			children = (
				D11AF5E22CA9E886006C9CA0 /* Credentials.swift */,
				D11AF5E42CA9E89F006C9CA0 /* Config.swift */,
			);
			path = Config;
			sourceTree = "<group>";
		};
		D11AF5E62CA9E8C5006C9CA0 /* Model */ = {
			isa = PBXGroup;
			children = (
				D11AF5E72CA9E8D1006C9CA0 /* CardToken.swift */,
				D11AF5E92CA9E8ED006C9CA0 /* Product.swift */,
				D11AF5EB2CA9E901006C9CA0 /* PaymentSystem.swift */,
			);
			path = Model;
			sourceTree = "<group>";
		};
		D11AF5ED2CA9E9E9006C9CA0 /* ViewModel */ = {
			isa = PBXGroup;
			children = (
				D11AF5EF2CA9EA12006C9CA0 /* CardsViewModel.swift */,
				D10190192CAC5BE600BAAF8D /* CartViewModel.swift */,
			);
			path = ViewModel;
			sourceTree = "<group>";
		};
		D11AF5EE2CA9E9F0006C9CA0 /* View */ = {
			isa = PBXGroup;
			children = (
				D11AF5F52CA9EAC3006C9CA0 /* Cells */,
				D11AF5F82CA9EB0F006C9CA0 /* CardsListView.swift */,
				D11AF5FA2CA9F202006C9CA0 /* ContentViewController.swift */,
				D10190172CAC5BD000BAAF8D /* CartView.swift */,
			);
			path = View;
			sourceTree = "<group>";
		};
		D11AF5F52CA9EAC3006C9CA0 /* Cells */ = {
			isa = PBXGroup;
			children = (
				D11AF5F62CA9EACB006C9CA0 /* CardCell.swift */,
				D101901B2CAC5C9100BAAF8D /* CartItemCell.swift */,
			);
			path = Cells;
			sourceTree = "<group>";
		};
		D1F8FAF02C9DDA2D000FCF08 = {
			isa = PBXGroup;
			children = (
				D1F8FAFB2C9DDA2D000FCF08 /* RozetkaPay.Example.UIKit */,
				D1F8FAFA2C9DDA2D000FCF08 /* Products */,
			);
			sourceTree = "<group>";
		};
		D1F8FAFA2C9DDA2D000FCF08 /* Products */ = {
			isa = PBXGroup;
			children = (
				D1F8FAF92C9DDA2D000FCF08 /* RozetkaPay.Example.UIKit.app */,
			);
			name = Products;
			sourceTree = "<group>";
		};
		D1F8FAFB2C9DDA2D000FCF08 /* RozetkaPay.Example.UIKit */ = {
			isa = PBXGroup;
			children = (
				D11AF5E12CA9E877006C9CA0 /* Config */,
				D11AF5E62CA9E8C5006C9CA0 /* Model */,
				D11AF5EE2CA9E9F0006C9CA0 /* View */,
				D11AF5ED2CA9E9E9006C9CA0 /* ViewModel */,
				D11AF5DC2CA9E815006C9CA0 /* Extensions */,
				D1F8FB162C9DE6DA000FCF08 /* RozetkaPay.Example.UIKit.entitlements */,
				D1F8FAFC2C9DDA2D000FCF08 /* AppDelegate.swift */,
				D1F8FAFE2C9DDA2D000FCF08 /* SceneDelegate.swift */,
				D1F8FB052C9DDA2F000FCF08 /* Assets.xcassets */,
				D1F8FB072C9DDA2F000FCF08 /* LaunchScreen.storyboard */,
				D1F8FB0A2C9DDA2F000FCF08 /* Info.plist */,
			);
			path = RozetkaPay.Example.UIKit;
			sourceTree = "<group>";
		};
/* End PBXGroup section */

/* Begin PBXNativeTarget section */
		D1F8FAF82C9DDA2D000FCF08 /* RozetkaPay.Example.UIKit */ = {
			isa = PBXNativeTarget;
			buildConfigurationList = D1F8FB0D2C9DDA2F000FCF08 /* Build configuration list for PBXNativeTarget "RozetkaPay.Example.UIKit" */;
			buildPhases = (
				D1F8FAF52C9DDA2D000FCF08 /* Sources */,
				D1F8FAF62C9DDA2D000FCF08 /* Frameworks */,
				D1F8FAF72C9DDA2D000FCF08 /* Resources */,
			);
			buildRules = (
			);
			dependencies = (
			);
			name = RozetkaPay.Example.UIKit;
			packageProductDependencies = (
				D1F8FB112C9DDFD1000FCF08 /* RozetkaPaySDK */,
				D1F8FB142C9DE5C5000FCF08 /* RozetkaPaySDK */,
			);
			productName = RozetkaPay.Example.UIKit;
			productReference = D1F8FAF92C9DDA2D000FCF08 /* RozetkaPay.Example.UIKit.app */;
			productType = "com.apple.product-type.application";
		};
/* End PBXNativeTarget section */

/* Begin PBXProject section */
		D1F8FAF12C9DDA2D000FCF08 /* Project object */ = {
			isa = PBXProject;
			attributes = {
				BuildIndependentTargetsInParallel = 1;
				LastSwiftUpdateCheck = 1540;
				LastUpgradeCheck = 1540;
				TargetAttributes = {
					D1F8FAF82C9DDA2D000FCF08 = {
						CreatedOnToolsVersion = 15.4;
					};
				};
			};
			buildConfigurationList = D1F8FAF42C9DDA2D000FCF08 /* Build configuration list for PBXProject "RozetkaPay.Example.UIKit" */;
			compatibilityVersion = "Xcode 14.0";
			developmentRegion = en;
			hasScannedForEncodings = 0;
			knownRegions = (
				en,
				Base,
			);
			mainGroup = D1F8FAF02C9DDA2D000FCF08;
			packageReferences = (
				D1F8FB132C9DE5C5000FCF08 /* XCRemoteSwiftPackageReference "RozetkaPay.SDK-iOS" */,
			);
			productRefGroup = D1F8FAFA2C9DDA2D000FCF08 /* Products */;
			projectDirPath = "";
			projectRoot = "";
			targets = (
				D1F8FAF82C9DDA2D000FCF08 /* RozetkaPay.Example.UIKit */,
			);
		};
/* End PBXProject section */

/* Begin PBXResourcesBuildPhase section */
		D1F8FAF72C9DDA2D000FCF08 /* Resources */ = {
			isa = PBXResourcesBuildPhase;
			buildActionMask = 2147483647;
			files = (
				D1F8FB062C9DDA2F000FCF08 /* Assets.xcassets in Resources */,
				D1F8FB092C9DDA2F000FCF08 /* Base in Resources */,
			);
			runOnlyForDeploymentPostprocessing = 0;
		};
/* End PBXResourcesBuildPhase section */

/* Begin PBXSourcesBuildPhase section */
		D1F8FAF52C9DDA2D000FCF08 /* Sources */ = {
			isa = PBXSourcesBuildPhase;
			buildActionMask = 2147483647;
			files = (
				D10190182CAC5BD000BAAF8D /* CartView.swift in Sources */,
				D11AF5E32CA9E886006C9CA0 /* Credentials.swift in Sources */,
				D10190162CAC17FC00BAAF8D /* UINavigationBarExtensions.swift in Sources */,
				D11AF5EA2CA9E8ED006C9CA0 /* Product.swift in Sources */,
				D101901A2CAC5BE600BAAF8D /* CartViewModel.swift in Sources */,
				D11AF5F02CA9EA12006C9CA0 /* CardsViewModel.swift in Sources */,
				D11AF5EC2CA9E901006C9CA0 /* PaymentSystem.swift in Sources */,
				D11AF5E02CA9E85F006C9CA0 /* NumberUtils.swift in Sources */,
				D11AF5FB2CA9F202006C9CA0 /* ContentViewController.swift in Sources */,
				D11AF5E52CA9E89F006C9CA0 /* Config.swift in Sources */,
				D11AF5DE2CA9E843006C9CA0 /* LoggerExtensions.swift in Sources */,
				D11AF5E82CA9E8D1006C9CA0 /* CardToken.swift in Sources */,
				D1F8FAFD2C9DDA2D000FCF08 /* AppDelegate.swift in Sources */,
				D11AF5F92CA9EB0F006C9CA0 /* CardsListView.swift in Sources */,
				D101901C2CAC5C9100BAAF8D /* CartItemCell.swift in Sources */,
				D1F8FAFF2C9DDA2D000FCF08 /* SceneDelegate.swift in Sources */,
				D11AF5F72CA9EACB006C9CA0 /* CardCell.swift in Sources */,
			);
			runOnlyForDeploymentPostprocessing = 0;
		};
/* End PBXSourcesBuildPhase section */

/* Begin PBXVariantGroup section */
		D1F8FB072C9DDA2F000FCF08 /* LaunchScreen.storyboard */ = {
			isa = PBXVariantGroup;
			children = (
				D1F8FB082C9DDA2F000FCF08 /* Base */,
			);
			name = LaunchScreen.storyboard;
			sourceTree = "<group>";
		};
/* End PBXVariantGroup section */

/* Begin XCBuildConfiguration section */
		D1F8FB0B2C9DDA2F000FCF08 /* Debug */ = {
			isa = XCBuildConfiguration;
			buildSettings = {
				ALWAYS_SEARCH_USER_PATHS = NO;
				ASSETCATALOG_COMPILER_GENERATE_SWIFT_ASSET_SYMBOL_EXTENSIONS = YES;
				CLANG_ANALYZER_NONNULL = YES;
				CLANG_ANALYZER_NUMBER_OBJECT_CONVERSION = YES_AGGRESSIVE;
				CLANG_CXX_LANGUAGE_STANDARD = "gnu++20";
				CLANG_ENABLE_MODULES = YES;
				CLANG_ENABLE_OBJC_ARC = YES;
				CLANG_ENABLE_OBJC_WEAK = YES;
				CLANG_WARN_BLOCK_CAPTURE_AUTORELEASING = YES;
				CLANG_WARN_BOOL_CONVERSION = YES;
				CLANG_WARN_COMMA = YES;
				CLANG_WARN_CONSTANT_CONVERSION = YES;
				CLANG_WARN_DEPRECATED_OBJC_IMPLEMENTATIONS = YES;
				CLANG_WARN_DIRECT_OBJC_ISA_USAGE = YES_ERROR;
				CLANG_WARN_DOCUMENTATION_COMMENTS = YES;
				CLANG_WARN_EMPTY_BODY = YES;
				CLANG_WARN_ENUM_CONVERSION = YES;
				CLANG_WARN_INFINITE_RECURSION = YES;
				CLANG_WARN_INT_CONVERSION = YES;
				CLANG_WARN_NON_LITERAL_NULL_CONVERSION = YES;
				CLANG_WARN_OBJC_IMPLICIT_RETAIN_SELF = YES;
				CLANG_WARN_OBJC_LITERAL_CONVERSION = YES;
				CLANG_WARN_OBJC_ROOT_CLASS = YES_ERROR;
				CLANG_WARN_QUOTED_INCLUDE_IN_FRAMEWORK_HEADER = YES;
				CLANG_WARN_RANGE_LOOP_ANALYSIS = YES;
				CLANG_WARN_STRICT_PROTOTYPES = YES;
				CLANG_WARN_SUSPICIOUS_MOVE = YES;
				CLANG_WARN_UNGUARDED_AVAILABILITY = YES_AGGRESSIVE;
				CLANG_WARN_UNREACHABLE_CODE = YES;
				CLANG_WARN__DUPLICATE_METHOD_MATCH = YES;
				COPY_PHASE_STRIP = NO;
				DEBUG_INFORMATION_FORMAT = dwarf;
				ENABLE_STRICT_OBJC_MSGSEND = YES;
				ENABLE_TESTABILITY = YES;
				ENABLE_USER_SCRIPT_SANDBOXING = YES;
				GCC_C_LANGUAGE_STANDARD = gnu17;
				GCC_DYNAMIC_NO_PIC = NO;
				GCC_NO_COMMON_BLOCKS = YES;
				GCC_OPTIMIZATION_LEVEL = 0;
				GCC_PREPROCESSOR_DEFINITIONS = (
					"DEBUG=1",
					"$(inherited)",
				);
				GCC_WARN_64_TO_32_BIT_CONVERSION = YES;
				GCC_WARN_ABOUT_RETURN_TYPE = YES_ERROR;
				GCC_WARN_UNDECLARED_SELECTOR = YES;
				GCC_WARN_UNINITIALIZED_AUTOS = YES_AGGRESSIVE;
				GCC_WARN_UNUSED_FUNCTION = YES;
				GCC_WARN_UNUSED_VARIABLE = YES;
				IPHONEOS_DEPLOYMENT_TARGET = 15.0;
				LOCALIZATION_PREFERS_STRING_CATALOGS = YES;
				MTL_ENABLE_DEBUG_INFO = INCLUDE_SOURCE;
				MTL_FAST_MATH = YES;
				ONLY_ACTIVE_ARCH = YES;
				SDKROOT = iphoneos;
				SWIFT_ACTIVE_COMPILATION_CONDITIONS = "DEBUG $(inherited)";
				SWIFT_OPTIMIZATION_LEVEL = "-Onone";
			};
			name = Debug;
		};
		D1F8FB0C2C9DDA2F000FCF08 /* Release */ = {
			isa = XCBuildConfiguration;
			buildSettings = {
				ALWAYS_SEARCH_USER_PATHS = NO;
				ASSETCATALOG_COMPILER_GENERATE_SWIFT_ASSET_SYMBOL_EXTENSIONS = YES;
				CLANG_ANALYZER_NONNULL = YES;
				CLANG_ANALYZER_NUMBER_OBJECT_CONVERSION = YES_AGGRESSIVE;
				CLANG_CXX_LANGUAGE_STANDARD = "gnu++20";
				CLANG_ENABLE_MODULES = YES;
				CLANG_ENABLE_OBJC_ARC = YES;
				CLANG_ENABLE_OBJC_WEAK = YES;
				CLANG_WARN_BLOCK_CAPTURE_AUTORELEASING = YES;
				CLANG_WARN_BOOL_CONVERSION = YES;
				CLANG_WARN_COMMA = YES;
				CLANG_WARN_CONSTANT_CONVERSION = YES;
				CLANG_WARN_DEPRECATED_OBJC_IMPLEMENTATIONS = YES;
				CLANG_WARN_DIRECT_OBJC_ISA_USAGE = YES_ERROR;
				CLANG_WARN_DOCUMENTATION_COMMENTS = YES;
				CLANG_WARN_EMPTY_BODY = YES;
				CLANG_WARN_ENUM_CONVERSION = YES;
				CLANG_WARN_INFINITE_RECURSION = YES;
				CLANG_WARN_INT_CONVERSION = YES;
				CLANG_WARN_NON_LITERAL_NULL_CONVERSION = YES;
				CLANG_WARN_OBJC_IMPLICIT_RETAIN_SELF = YES;
				CLANG_WARN_OBJC_LITERAL_CONVERSION = YES;
				CLANG_WARN_OBJC_ROOT_CLASS = YES_ERROR;
				CLANG_WARN_QUOTED_INCLUDE_IN_FRAMEWORK_HEADER = YES;
				CLANG_WARN_RANGE_LOOP_ANALYSIS = YES;
				CLANG_WARN_STRICT_PROTOTYPES = YES;
				CLANG_WARN_SUSPICIOUS_MOVE = YES;
				CLANG_WARN_UNGUARDED_AVAILABILITY = YES_AGGRESSIVE;
				CLANG_WARN_UNREACHABLE_CODE = YES;
				CLANG_WARN__DUPLICATE_METHOD_MATCH = YES;
				COPY_PHASE_STRIP = NO;
				DEBUG_INFORMATION_FORMAT = "dwarf-with-dsym";
				ENABLE_NS_ASSERTIONS = NO;
				ENABLE_STRICT_OBJC_MSGSEND = YES;
				ENABLE_USER_SCRIPT_SANDBOXING = YES;
				GCC_C_LANGUAGE_STANDARD = gnu17;
				GCC_NO_COMMON_BLOCKS = YES;
				GCC_WARN_64_TO_32_BIT_CONVERSION = YES;
				GCC_WARN_ABOUT_RETURN_TYPE = YES_ERROR;
				GCC_WARN_UNDECLARED_SELECTOR = YES;
				GCC_WARN_UNINITIALIZED_AUTOS = YES_AGGRESSIVE;
				GCC_WARN_UNUSED_FUNCTION = YES;
				GCC_WARN_UNUSED_VARIABLE = YES;
				IPHONEOS_DEPLOYMENT_TARGET = 15.0;
				LOCALIZATION_PREFERS_STRING_CATALOGS = YES;
				MTL_ENABLE_DEBUG_INFO = NO;
				MTL_FAST_MATH = YES;
				SDKROOT = iphoneos;
				SWIFT_COMPILATION_MODE = wholemodule;
				VALIDATE_PRODUCT = YES;
			};
			name = Release;
		};
		D1F8FB0E2C9DDA2F000FCF08 /* Debug */ = {
			isa = XCBuildConfiguration;
			buildSettings = {
				ASSETCATALOG_COMPILER_APPICON_NAME = AppIcon;
				ASSETCATALOG_COMPILER_GLOBAL_ACCENT_COLOR_NAME = AccentColor;
				CODE_SIGN_ENTITLEMENTS = RozetkaPay.Example.UIKit/RozetkaPay.Example.UIKit.entitlements;
				CODE_SIGN_STYLE = Automatic;
				CURRENT_PROJECT_VERSION = 1;
				DEVELOPMENT_TEAM = JVAX7U4FD5;
				GENERATE_INFOPLIST_FILE = YES;
				INFOPLIST_FILE = RozetkaPay.Example.UIKit/Info.plist;
				INFOPLIST_KEY_CFBundleDisplayName = RozetkaPay.Example.UIkit;
				INFOPLIST_KEY_UIApplicationSupportsIndirectInputEvents = YES;
				INFOPLIST_KEY_UILaunchStoryboardName = LaunchScreen;
				INFOPLIST_KEY_UIMainStoryboardFile = "";
				INFOPLIST_KEY_UISupportedInterfaceOrientations_iPad = "UIInterfaceOrientationPortrait UIInterfaceOrientationPortraitUpsideDown UIInterfaceOrientationLandscapeLeft UIInterfaceOrientationLandscapeRight";
				INFOPLIST_KEY_UISupportedInterfaceOrientations_iPhone = "UIInterfaceOrientationPortrait UIInterfaceOrientationLandscapeLeft UIInterfaceOrientationLandscapeRight";
				IPHONEOS_DEPLOYMENT_TARGET = 15.0;
				LD_RUNPATH_SEARCH_PATHS = (
					"$(inherited)",
					"@executable_path/Frameworks",
				);
				MARKETING_VERSION = 1.0;
				PRODUCT_BUNDLE_IDENTIFIER = "com.rozetkapay.RozetkaPay-Example-UIKit-Bars";
				PRODUCT_NAME = "$(TARGET_NAME)";
				SUPPORTED_PLATFORMS = "iphoneos iphonesimulator";
				SUPPORTS_MACCATALYST = NO;
				SUPPORTS_MAC_DESIGNED_FOR_IPHONE_IPAD = NO;
				SUPPORTS_XR_DESIGNED_FOR_IPHONE_IPAD = NO;
				SWIFT_EMIT_LOC_STRINGS = YES;
				SWIFT_VERSION = 5.0;
				TARGETED_DEVICE_FAMILY = "1,2";
			};
			name = Debug;
		};
		D1F8FB0F2C9DDA2F000FCF08 /* Release */ = {
			isa = XCBuildConfiguration;
			buildSettings = {
				ASSETCATALOG_COMPILER_APPICON_NAME = AppIcon;
				ASSETCATALOG_COMPILER_GLOBAL_ACCENT_COLOR_NAME = AccentColor;
				CODE_SIGN_ENTITLEMENTS = RozetkaPay.Example.UIKit/RozetkaPay.Example.UIKit.entitlements;
				CODE_SIGN_STYLE = Automatic;
				CURRENT_PROJECT_VERSION = 1;
				DEVELOPMENT_TEAM = JVAX7U4FD5;
				GENERATE_INFOPLIST_FILE = YES;
				INFOPLIST_FILE = RozetkaPay.Example.UIKit/Info.plist;
				INFOPLIST_KEY_CFBundleDisplayName = RozetkaPay.Example.UIkit;
				INFOPLIST_KEY_UIApplicationSupportsIndirectInputEvents = YES;
				INFOPLIST_KEY_UILaunchStoryboardName = LaunchScreen;
				INFOPLIST_KEY_UIMainStoryboardFile = "";
				INFOPLIST_KEY_UISupportedInterfaceOrientations_iPad = "UIInterfaceOrientationPortrait UIInterfaceOrientationPortraitUpsideDown UIInterfaceOrientationLandscapeLeft UIInterfaceOrientationLandscapeRight";
				INFOPLIST_KEY_UISupportedInterfaceOrientations_iPhone = "UIInterfaceOrientationPortrait UIInterfaceOrientationLandscapeLeft UIInterfaceOrientationLandscapeRight";
				IPHONEOS_DEPLOYMENT_TARGET = 15.0;
				LD_RUNPATH_SEARCH_PATHS = (
					"$(inherited)",
					"@executable_path/Frameworks",
				);
				MARKETING_VERSION = 1.0;
				PRODUCT_BUNDLE_IDENTIFIER = "com.rozetkapay.RozetkaPay-Example-UIKit-Bars";
				PRODUCT_NAME = "$(TARGET_NAME)";
				SUPPORTED_PLATFORMS = "iphoneos iphonesimulator";
				SUPPORTS_MACCATALYST = NO;
				SUPPORTS_MAC_DESIGNED_FOR_IPHONE_IPAD = NO;
				SUPPORTS_XR_DESIGNED_FOR_IPHONE_IPAD = NO;
				SWIFT_EMIT_LOC_STRINGS = YES;
				SWIFT_VERSION = 5.0;
				TARGETED_DEVICE_FAMILY = "1,2";
			};
			name = Release;
		};
/* End XCBuildConfiguration section */

/* Begin XCConfigurationList section */
		D1F8FAF42C9DDA2D000FCF08 /* Build configuration list for PBXProject "RozetkaPay.Example.UIKit" */ = {
			isa = XCConfigurationList;
			buildConfigurations = (
				D1F8FB0B2C9DDA2F000FCF08 /* Debug */,
				D1F8FB0C2C9DDA2F000FCF08 /* Release */,
			);
			defaultConfigurationIsVisible = 0;
			defaultConfigurationName = Release;
		};
		D1F8FB0D2C9DDA2F000FCF08 /* Build configuration list for PBXNativeTarget "RozetkaPay.Example.UIKit" */ = {
			isa = XCConfigurationList;
			buildConfigurations = (
				D1F8FB0E2C9DDA2F000FCF08 /* Debug */,
				D1F8FB0F2C9DDA2F000FCF08 /* Release */,
			);
			defaultConfigurationIsVisible = 0;
			defaultConfigurationName = Release;
		};
/* End XCConfigurationList section */

/* Begin XCRemoteSwiftPackageReference section */
		D1F8FB132C9DE5C5000FCF08 /* XCRemoteSwiftPackageReference "RozetkaPay.SDK-iOS" */ = {
			isa = XCRemoteSwiftPackageReference;
			repositoryURL = "https://github.com/casiocompa/RozetkaPay.SDK-iOS.git";
			requirement = {
				branch = main;
				kind = branch;
			};
		};
/* End XCRemoteSwiftPackageReference section */

/* Begin XCSwiftPackageProductDependency section */
		D1F8FB112C9DDFD1000FCF08 /* RozetkaPaySDK */ = {
			isa = XCSwiftPackageProductDependency;
			productName = RozetkaPaySDK;
		};
		D1F8FB142C9DE5C5000FCF08 /* RozetkaPaySDK */ = {
			isa = XCSwiftPackageProductDependency;
			package = D1F8FB132C9DE5C5000FCF08 /* XCRemoteSwiftPackageReference "RozetkaPay.SDK-iOS" */;
			productName = RozetkaPaySDK;
		};
/* End XCSwiftPackageProductDependency section */
	};
	rootObject = D1F8FAF12C9DDA2D000FCF08 /* Project object */;
}
